<?xml version="1.0" encoding="utf-8"?>
<Project ToolsVersion="4.0" xmlns="http://schemas.microsoft.com/developer/msbuild/2003">
  <ItemGroup>
    <Filter Include="Source">
      <UniqueIdentifier>{f8b41e59-1388-4cb2-a1cc-ff2e8e604923}</UniqueIdentifier>
    </Filter>
    <Filter Include="PCH">
      <UniqueIdentifier>{f20ecb6e-cdbe-47b7-9ae4-ebbcf92dbb10}</UniqueIdentifier>
    </Filter>
  </ItemGroup>
  <ItemGroup>
    <ClCompile Include="FDebug.cpp">
      <Filter>Source</Filter>
    </ClCompile>
    <ClCompile Include="FState.cpp">
      <Filter>Source</Filter>
    </ClCompile>
    <ClCompile Include="FRandom.cpp">
      <Filter>Source</Filter>
    </ClCompile>
    <ClCompile Include="FSoundManager.cpp">
      <Filter>Source</Filter>
    </ClCompile>
    <ClCompile Include="FSoundPlayer.cpp">
      <Filter>Source</Filter>
    </ClCompile>
    <ClCompile Include="FTime.cpp">
      <Filter>Source</Filter>
    </ClCompile>
    <ClCompile Include="FMath.cpp">
      <Filter>Source</Filter>
    </ClCompile>
    <ClCompile Include="FFileSystem.cpp">
      <Filter>Source</Filter>
    </ClCompile>
    <ClCompile Include="PreCompile.cpp">
      <Filter>PCH</Filter>
    </ClCompile>
  </ItemGroup>
  <ItemGroup>
    <ClInclude Include="FDebug.h">
      <Filter>Source</Filter>
    </ClInclude>
    <ClInclude Include="FState.h">
      <Filter>Source</Filter>
    </ClInclude>
    <ClInclude Include="FRandom.h">
      <Filter>Source</Filter>
    </ClInclude>
    <ClInclude Include="FSoundManager.h">
      <Filter>Source</Filter>
    </ClInclude>
    <ClInclude Include="FSoundPlayer.h">
      <Filter>Source</Filter>
    </ClInclude>
    <ClInclude Include="FTime.h">
      <Filter>Source</Filter>
    </ClInclude>
    <ClInclude Include="FMath.h">
      <Filter>Source</Filter>
    </ClInclude>
    <ClInclude Include="FFileSystem.h">
      <Filter>Source</Filter>
    </ClInclude>
    <ClInclude Include="PreCompile.h">
      <Filter>PCH</Filter>
    </ClInclude>
  </ItemGroup>
</Project>